
Microsoft Visual Studio Solution File, Format Version 12.00
# Visual Studio Version 17
VisualStudioVersion = 17.7.34024.191
MinimumVisualStudioVersion = 10.0.40219.1
Project("{FAE04EC0-301F-11D3-BF4B-00C04F79EFBC}") = "client", "client\client.csproj", "{7987BC14-3ADB-41B5-9D5D-9669CE48EE0F}"
EndProject
Project("{FAE04EC0-301F-11D3-BF4B-00C04F79EFBC}") = "server", "server\server.csproj", "{6EFC6232-597D-4194-B567-F17635574B03}"
EndProject
Global
	GlobalSection(SolutionConfigurationPlatforms) = preSolution
		Debug|Any CPU = Debug|Any CPU
		Release|Any CPU = Release|Any CPU
	EndGlobalSection
	GlobalSection(ProjectConfigurationPlatforms) = postSolution
		{7987BC14-3ADB-41B5-9D5D-9669CE48EE0F}.Debug|Any CPU.ActiveCfg = Debug|Any CPU
		{7987BC14-3ADB-41B5-9D5D-9669CE48EE0F}.Debug|Any CPU.Build.0 = Debug|Any CPU
		{7987BC14-3ADB-41B5-9D5D-9669CE48EE0F}.Release|Any CPU.ActiveCfg = Release|Any CPU
		{7987BC14-3ADB-41B5-9D5D-9669CE48EE0F}.Release|Any CPU.Build.0 = Release|Any CPU
		{6EFC6232-597D-4194-B567-F17635574B03}.Debug|Any CPU.ActiveCfg = Debug|Any CPU
		{6EFC6232-597D-4194-B567-F17635574B03}.Debug|Any CPU.Build.0 = Debug|Any CPU
		{6EFC6232-597D-4194-B567-F17635574B03}.Release|Any CPU.ActiveCfg = Release|Any CPU
		{6EFC6232-597D-4194-B567-F17635574B03}.Release|Any CPU.Build.0 = Release|Any CPU
	EndGlobalSection
	GlobalSection(SolutionProperties) = preSolution
		HideSolutionNode = FALSE
	EndGlobalSection
	GlobalSection(ExtensibilityGlobals) = postSolution
		SolutionGuid = {77872947-8663-4AD1-9767-201F6021D09C}
	EndGlobalSection
EndGlobal
